
Microsoft Visual Studio Solution File, Format Version 12.00
# Visual Studio Version 17
VisualStudioVersion = 17.13.35825.156
MinimumVisualStudioVersion = 10.0.40219.1
Project("{8BC9CEB8-8B4A-11D0-8D11-00A0C91BC942}") = "ControlStructures", "ControlStructures.vcxproj", "{790297E1-8426-495E-A32C-D3DA42FD846D}"
EndProject
Project("{8BC9CEB8-8B4A-11D0-8D11-00A0C91BC942}") = "Palindrome", "..\Palindrome\Palindrome.vcxproj", "{D7A48CD9-90B3-4959-991B-8761F7A087C7}"
EndProject
Project("{8BC9CEB8-8B4A-11D0-8D11-00A0C91BC942}") = "Ticket", "..\Ticket\Ticket.vcxproj", "{B9DAB318-7EB9-4034-942F-33194C02BDD9}"
EndProject
Project("{8BC9CEB8-8B4A-11D0-8D11-00A0C91BC942}") = "calc", "..\calc\calc.vcxproj", "{C030BC81-91E5-498C-A169-C6C5C1817795}"
EndProject
Project("{8BC9CEB8-8B4A-11D0-8D11-00A0C91BC942}") = "Loops", "..\Loops\Loops.vcxproj", "{DDCAE6CF-38A5-4B04-9B03-D54248A87073}"
EndProject
Project("{8BC9CEB8-8B4A-11D0-8D11-00A0C91BC942}") = "Shooter", "..\Shooter\Shooter.vcxproj", "{0384C27E-5806-4DA9-8791-BACD7A163285}"
EndProject
Project("{8BC9CEB8-8B4A-11D0-8D11-00A0C91BC942}") = "FOR", "..\FOR\FOR.vcxproj", "{0DFACFB2-4CEE-4601-9EA9-7D2AB1A0A5BF}"
EndProject
Project("{8BC9CEB8-8B4A-11D0-8D11-00A0C91BC942}") = "Shooter2", "..\Shooter2\Shooter2.vcxproj", "{8CA1093C-C72F-4F3C-A4BF-5145B2FB57CC}"
EndProject
Project("{8BC9CEB8-8B4A-11D0-8D11-00A0C91BC942}") = "Geometry", "..\Geometry\Geometry.vcxproj", "{EB5B2046-AE60-4764-903F-99DE65039F13}"
EndProject
Project("{8BC9CEB8-8B4A-11D0-8D11-00A0C91BC942}") = "ChessBoard", "..\ChessBoard\ChessBoard.vcxproj", "{DEF7ACBD-E5BC-494E-A535-80B88E5171EC}"
EndProject
Project("{8BC9CEB8-8B4A-11D0-8D11-00A0C91BC942}") = "HardChess", "..\HardChess\HardChess.vcxproj", "{5D5C260C-CD7B-46FC-A354-D388D7FD8AFA}"
EndProject
Project("{8BC9CEB8-8B4A-11D0-8D11-00A0C91BC942}") = "Chess2", "..\Chess2\Chess2.vcxproj", "{4D2FF71F-96E8-440C-AE62-021D1BD84EF1}"
EndProject
Project("{8BC9CEB8-8B4A-11D0-8D11-00A0C91BC942}") = "PascalTriangle", "..\PascalTriangle\PascalTriangle.vcxproj", "{8019EED2-6D4E-4637-8F86-24E4CB7E0250}"
EndProject
Project("{8BC9CEB8-8B4A-11D0-8D11-00A0C91BC942}") = "Convertor", "..\Convertor\Convertor.vcxproj", "{0DD3EC31-DB2E-4477-9484-0455C58349D2}"
EndProject
Global
	GlobalSection(SolutionConfigurationPlatforms) = preSolution
		Debug|x64 = Debug|x64
		Debug|x86 = Debug|x86
		Release|x64 = Release|x64
		Release|x86 = Release|x86
	EndGlobalSection
	GlobalSection(ProjectConfigurationPlatforms) = postSolution
		{790297E1-8426-495E-A32C-D3DA42FD846D}.Debug|x64.ActiveCfg = Debug|x64
		{790297E1-8426-495E-A32C-D3DA42FD846D}.Debug|x64.Build.0 = Debug|x64
		{790297E1-8426-495E-A32C-D3DA42FD846D}.Debug|x86.ActiveCfg = Debug|Win32
		{790297E1-8426-495E-A32C-D3DA42FD846D}.Debug|x86.Build.0 = Debug|Win32
		{790297E1-8426-495E-A32C-D3DA42FD846D}.Release|x64.ActiveCfg = Release|x64
		{790297E1-8426-495E-A32C-D3DA42FD846D}.Release|x64.Build.0 = Release|x64
		{790297E1-8426-495E-A32C-D3DA42FD846D}.Release|x86.ActiveCfg = Release|Win32
		{790297E1-8426-495E-A32C-D3DA42FD846D}.Release|x86.Build.0 = Release|Win32
		{D7A48CD9-90B3-4959-991B-8761F7A087C7}.Debug|x64.ActiveCfg = Debug|x64
		{D7A48CD9-90B3-4959-991B-8761F7A087C7}.Debug|x64.Build.0 = Debug|x64
		{D7A48CD9-90B3-4959-991B-8761F7A087C7}.Debug|x86.ActiveCfg = Debug|Win32
		{D7A48CD9-90B3-4959-991B-8761F7A087C7}.Debug|x86.Build.0 = Debug|Win32
		{D7A48CD9-90B3-4959-991B-8761F7A087C7}.Release|x64.ActiveCfg = Release|x64
		{D7A48CD9-90B3-4959-991B-8761F7A087C7}.Release|x64.Build.0 = Release|x64
		{D7A48CD9-90B3-4959-991B-8761F7A087C7}.Release|x86.ActiveCfg = Release|Win32
		{D7A48CD9-90B3-4959-991B-8761F7A087C7}.Release|x86.Build.0 = Release|Win32
		{B9DAB318-7EB9-4034-942F-33194C02BDD9}.Debug|x64.ActiveCfg = Debug|x64
		{B9DAB318-7EB9-4034-942F-33194C02BDD9}.Debug|x64.Build.0 = Debug|x64
		{B9DAB318-7EB9-4034-942F-33194C02BDD9}.Debug|x86.ActiveCfg = Debug|Win32
		{B9DAB318-7EB9-4034-942F-33194C02BDD9}.Debug|x86.Build.0 = Debug|Win32
		{B9DAB318-7EB9-4034-942F-33194C02BDD9}.Release|x64.ActiveCfg = Release|x64
		{B9DAB318-7EB9-4034-942F-33194C02BDD9}.Release|x64.Build.0 = Release|x64
		{B9DAB318-7EB9-4034-942F-33194C02BDD9}.Release|x86.ActiveCfg = Release|Win32
		{B9DAB318-7EB9-4034-942F-33194C02BDD9}.Release|x86.Build.0 = Release|Win32
		{C030BC81-91E5-498C-A169-C6C5C1817795}.Debug|x64.ActiveCfg = Debug|x64
		{C030BC81-91E5-498C-A169-C6C5C1817795}.Debug|x64.Build.0 = Debug|x64
		{C030BC81-91E5-498C-A169-C6C5C1817795}.Debug|x86.ActiveCfg = Debug|Win32
		{C030BC81-91E5-498C-A169-C6C5C1817795}.Debug|x86.Build.0 = Debug|Win32
		{C030BC81-91E5-498C-A169-C6C5C1817795}.Release|x64.ActiveCfg = Release|x64
		{C030BC81-91E5-498C-A169-C6C5C1817795}.Release|x64.Build.0 = Release|x64
		{C030BC81-91E5-498C-A169-C6C5C1817795}.Release|x86.ActiveCfg = Release|Win32
		{C030BC81-91E5-498C-A169-C6C5C1817795}.Release|x86.Build.0 = Release|Win32
		{DDCAE6CF-38A5-4B04-9B03-D54248A87073}.Debug|x64.ActiveCfg = Debug|x64
		{DDCAE6CF-38A5-4B04-9B03-D54248A87073}.Debug|x64.Build.0 = Debug|x64
		{DDCAE6CF-38A5-4B04-9B03-D54248A87073}.Debug|x86.ActiveCfg = Debug|Win32
		{DDCAE6CF-38A5-4B04-9B03-D54248A87073}.Debug|x86.Build.0 = Debug|Win32
		{DDCAE6CF-38A5-4B04-9B03-D54248A87073}.Release|x64.ActiveCfg = Release|x64
		{DDCAE6CF-38A5-4B04-9B03-D54248A87073}.Release|x64.Build.0 = Release|x64
		{DDCAE6CF-38A5-4B04-9B03-D54248A87073}.Release|x86.ActiveCfg = Release|Win32
		{DDCAE6CF-38A5-4B04-9B03-D54248A87073}.Release|x86.Build.0 = Release|Win32
		{0384C27E-5806-4DA9-8791-BACD7A163285}.Debug|x64.ActiveCfg = Debug|x64
		{0384C27E-5806-4DA9-8791-BACD7A163285}.Debug|x64.Build.0 = Debug|x64
		{0384C27E-5806-4DA9-8791-BACD7A163285}.Debug|x86.ActiveCfg = Debug|Win32
		{0384C27E-5806-4DA9-8791-BACD7A163285}.Debug|x86.Build.0 = Debug|Win32
		{0384C27E-5806-4DA9-8791-BACD7A163285}.Release|x64.ActiveCfg = Release|x64
		{0384C27E-5806-4DA9-8791-BACD7A163285}.Release|x64.Build.0 = Release|x64
		{0384C27E-5806-4DA9-8791-BACD7A163285}.Release|x86.ActiveCfg = Release|Win32
		{0384C27E-5806-4DA9-8791-BACD7A163285}.Release|x86.Build.0 = Release|Win32
		{0DFACFB2-4CEE-4601-9EA9-7D2AB1A0A5BF}.Debug|x64.ActiveCfg = Debug|x64
		{0DFACFB2-4CEE-4601-9EA9-7D2AB1A0A5BF}.Debug|x64.Build.0 = Debug|x64
		{0DFACFB2-4CEE-4601-9EA9-7D2AB1A0A5BF}.Debug|x86.ActiveCfg = Debug|Win32
		{0DFACFB2-4CEE-4601-9EA9-7D2AB1A0A5BF}.Debug|x86.Build.0 = Debug|Win32
		{0DFACFB2-4CEE-4601-9EA9-7D2AB1A0A5BF}.Release|x64.ActiveCfg = Release|x64
		{0DFACFB2-4CEE-4601-9EA9-7D2AB1A0A5BF}.Release|x64.Build.0 = Release|x64
		{0DFACFB2-4CEE-4601-9EA9-7D2AB1A0A5BF}.Release|x86.ActiveCfg = Release|Win32
		{0DFACFB2-4CEE-4601-9EA9-7D2AB1A0A5BF}.Release|x86.Build.0 = Release|Win32
		{8CA1093C-C72F-4F3C-A4BF-5145B2FB57CC}.Debug|x64.ActiveCfg = Debug|x64
		{8CA1093C-C72F-4F3C-A4BF-5145B2FB57CC}.Debug|x64.Build.0 = Debug|x64
		{8CA1093C-C72F-4F3C-A4BF-5145B2FB57CC}.Debug|x86.ActiveCfg = Debug|Win32
		{8CA1093C-C72F-4F3C-A4BF-5145B2FB57CC}.Debug|x86.Build.0 = Debug|Win32
		{8CA1093C-C72F-4F3C-A4BF-5145B2FB57CC}.Release|x64.ActiveCfg = Release|x64
		{8CA1093C-C72F-4F3C-A4BF-5145B2FB57CC}.Release|x64.Build.0 = Release|x64
		{8CA1093C-C72F-4F3C-A4BF-5145B2FB57CC}.Release|x86.ActiveCfg = Release|Win32
		{8CA1093C-C72F-4F3C-A4BF-5145B2FB57CC}.Release|x86.Build.0 = Release|Win32
		{EB5B2046-AE60-4764-903F-99DE65039F13}.Debug|x64.ActiveCfg = Debug|x64
		{EB5B2046-AE60-4764-903F-99DE65039F13}.Debug|x64.Build.0 = Debug|x64
		{EB5B2046-AE60-4764-903F-99DE65039F13}.Debug|x86.ActiveCfg = Debug|Win32
		{EB5B2046-AE60-4764-903F-99DE65039F13}.Debug|x86.Build.0 = Debug|Win32
		{EB5B2046-AE60-4764-903F-99DE65039F13}.Release|x64.ActiveCfg = Release|x64
		{EB5B2046-AE60-4764-903F-99DE65039F13}.Release|x64.Build.0 = Release|x64
		{EB5B2046-AE60-4764-903F-99DE65039F13}.Release|x86.ActiveCfg = Release|Win32
		{EB5B2046-AE60-4764-903F-99DE65039F13}.Release|x86.Build.0 = Release|Win32
		{DEF7ACBD-E5BC-494E-A535-80B88E5171EC}.Debug|x64.ActiveCfg = Debug|x64
		{DEF7ACBD-E5BC-494E-A535-80B88E5171EC}.Debug|x64.Build.0 = Debug|x64
		{DEF7ACBD-E5BC-494E-A535-80B88E5171EC}.Debug|x86.ActiveCfg = Debug|Win32
		{DEF7ACBD-E5BC-494E-A535-80B88E5171EC}.Debug|x86.Build.0 = Debug|Win32
		{DEF7ACBD-E5BC-494E-A535-80B88E5171EC}.Release|x64.ActiveCfg = Release|x64
		{DEF7ACBD-E5BC-494E-A535-80B88E5171EC}.Release|x64.Build.0 = Release|x64
		{DEF7ACBD-E5BC-494E-A535-80B88E5171EC}.Release|x86.ActiveCfg = Release|Win32
		{DEF7ACBD-E5BC-494E-A535-80B88E5171EC}.Release|x86.Build.0 = Release|Win32
		{5D5C260C-CD7B-46FC-A354-D388D7FD8AFA}.Debug|x64.ActiveCfg = Debug|x64
		{5D5C260C-CD7B-46FC-A354-D388D7FD8AFA}.Debug|x64.Build.0 = Debug|x64
		{5D5C260C-CD7B-46FC-A354-D388D7FD8AFA}.Debug|x86.ActiveCfg = Debug|Win32
		{5D5C260C-CD7B-46FC-A354-D388D7FD8AFA}.Debug|x86.Build.0 = Debug|Win32
		{5D5C260C-CD7B-46FC-A354-D388D7FD8AFA}.Release|x64.ActiveCfg = Release|x64
		{5D5C260C-CD7B-46FC-A354-D388D7FD8AFA}.Release|x64.Build.0 = Release|x64
		{5D5C260C-CD7B-46FC-A354-D388D7FD8AFA}.Release|x86.ActiveCfg = Release|Win32
		{5D5C260C-CD7B-46FC-A354-D388D7FD8AFA}.Release|x86.Build.0 = Release|Win32
		{4D2FF71F-96E8-440C-AE62-021D1BD84EF1}.Debug|x64.ActiveCfg = Debug|x64
		{4D2FF71F-96E8-440C-AE62-021D1BD84EF1}.Debug|x64.Build.0 = Debug|x64
		{4D2FF71F-96E8-440C-AE62-021D1BD84EF1}.Debug|x86.ActiveCfg = Debug|Win32
		{4D2FF71F-96E8-440C-AE62-021D1BD84EF1}.Debug|x86.Build.0 = Debug|Win32
		{4D2FF71F-96E8-440C-AE62-021D1BD84EF1}.Release|x64.ActiveCfg = Release|x64
		{4D2FF71F-96E8-440C-AE62-021D1BD84EF1}.Release|x64.Build.0 = Release|x64
		{4D2FF71F-96E8-440C-AE62-021D1BD84EF1}.Release|x86.ActiveCfg = Release|Win32
		{4D2FF71F-96E8-440C-AE62-021D1BD84EF1}.Release|x86.Build.0 = Release|Win32
		{8019EED2-6D4E-4637-8F86-24E4CB7E0250}.Debug|x64.ActiveCfg = Debug|x64
		{8019EED2-6D4E-4637-8F86-24E4CB7E0250}.Debug|x64.Build.0 = Debug|x64
		{8019EED2-6D4E-4637-8F86-24E4CB7E0250}.Debug|x86.ActiveCfg = Debug|Win32
		{8019EED2-6D4E-4637-8F86-24E4CB7E0250}.Debug|x86.Build.0 = Debug|Win32
		{8019EED2-6D4E-4637-8F86-24E4CB7E0250}.Release|x64.ActiveCfg = Release|x64
		{8019EED2-6D4E-4637-8F86-24E4CB7E0250}.Release|x64.Build.0 = Release|x64
		{8019EED2-6D4E-4637-8F86-24E4CB7E0250}.Release|x86.ActiveCfg = Release|Win32
		{8019EED2-6D4E-4637-8F86-24E4CB7E0250}.Release|x86.Build.0 = Release|Win32
		{0DD3EC31-DB2E-4477-9484-0455C58349D2}.Debug|x64.ActiveCfg = Debug|x64
		{0DD3EC31-DB2E-4477-9484-0455C58349D2}.Debug|x64.Build.0 = Debug|x64
		{0DD3EC31-DB2E-4477-9484-0455C58349D2}.Debug|x86.ActiveCfg = Debug|Win32
		{0DD3EC31-DB2E-4477-9484-0455C58349D2}.Debug|x86.Build.0 = Debug|Win32
		{0DD3EC31-DB2E-4477-9484-0455C58349D2}.Release|x64.ActiveCfg = Release|x64
		{0DD3EC31-DB2E-4477-9484-0455C58349D2}.Release|x64.Build.0 = Release|x64
		{0DD3EC31-DB2E-4477-9484-0455C58349D2}.Release|x86.ActiveCfg = Release|Win32
		{0DD3EC31-DB2E-4477-9484-0455C58349D2}.Release|x86.Build.0 = Release|Win32
	EndGlobalSection
	GlobalSection(SolutionProperties) = preSolution
		HideSolutionNode = FALSE
	EndGlobalSection
	GlobalSection(ExtensibilityGlobals) = postSolution
		SolutionGuid = {1A2481B1-4EF9-491C-AB1E-19E58238945F}
	EndGlobalSection
EndGlobal
